// !$*UTF8*$!
{
	archiveVersion = 1;
	classes = {
	};
	objectVersion = 46;
	objects = {

/* Begin PBXBuildFile section */
		4D76163719E7AC2D00BFDFA5 /* AppDelegate.swift in Sources */ = {isa = PBXBuildFile; fileRef = 4D76163619E7AC2D00BFDFA5 /* AppDelegate.swift */; };
		4D76163919E7AC2D00BFDFA5 /* ViewController.swift in Sources */ = {isa = PBXBuildFile; fileRef = 4D76163819E7AC2D00BFDFA5 /* ViewController.swift */; };
		4D76163C19E7AC2D00BFDFA5 /* Main.storyboard in Resources */ = {isa = PBXBuildFile; fileRef = 4D76163A19E7AC2D00BFDFA5 /* Main.storyboard */; };
		4D76163E19E7AC2D00BFDFA5 /* Images.xcassets in Resources */ = {isa = PBXBuildFile; fileRef = 4D76163D19E7AC2D00BFDFA5 /* Images.xcassets */; };
		4D76164119E7AC2D00BFDFA5 /* LaunchScreen.xib in Resources */ = {isa = PBXBuildFile; fileRef = 4D76163F19E7AC2D00BFDFA5 /* LaunchScreen.xib */; };
		4D76164D19E7AC2D00BFDFA5 /* DropboxTests.swift in Sources */ = {isa = PBXBuildFile; fileRef = 4D76164C19E7AC2D00BFDFA5 /* DropboxTests.swift */; };
		4D76165719E7B3AB00BFDFA5 /* CreateAccountRootViewController.swift in Sources */ = {isa = PBXBuildFile; fileRef = 4D76165619E7B3AB00BFDFA5 /* CreateAccountRootViewController.swift */; };
		4D76165919E7B47100BFDFA5 /* SignInRootViewController.swift in Sources */ = {isa = PBXBuildFile; fileRef = 4D76165819E7B47100BFDFA5 /* SignInRootViewController.swift */; };
		4D76165B19E7B54D00BFDFA5 /* CreateAccountViewController.swift in Sources */ = {isa = PBXBuildFile; fileRef = 4D76165A19E7B54D00BFDFA5 /* CreateAccountViewController.swift */; };
		4D76165D19E7B6F500BFDFA5 /* SignInViewController.swift in Sources */ = {isa = PBXBuildFile; fileRef = 4D76165C19E7B6F500BFDFA5 /* SignInViewController.swift */; };
		4D76166119E7C96600BFDFA5 /* SettingsViewController.swift in Sources */ = {isa = PBXBuildFile; fileRef = 4D76166019E7C96600BFDFA5 /* SettingsViewController.swift */; };
		4D76166519E7CBE900BFDFA5 /* TosViewController.swift in Sources */ = {isa = PBXBuildFile; fileRef = 4D76166419E7CBE900BFDFA5 /* TosViewController.swift */; };
		4D76166919E7CEC000BFDFA5 /* TermsOfServiceViewController.swift in Sources */ = {isa = PBXBuildFile; fileRef = 4D76166819E7CEC000BFDFA5 /* TermsOfServiceViewController.swift */; };
/* End PBXBuildFile section */

/* Begin PBXContainerItemProxy section */
		4D76164719E7AC2D00BFDFA5 /* PBXContainerItemProxy */ = {
			isa = PBXContainerItemProxy;
			containerPortal = 4D76162919E7AC2D00BFDFA5 /* Project object */;
			proxyType = 1;
			remoteGlobalIDString = 4D76163019E7AC2D00BFDFA5;
			remoteInfo = Dropbox;
		};
/* End PBXContainerItemProxy section */

/* Begin PBXFileReference section */
		4D76163119E7AC2D00BFDFA5 /* Dropbox.app */ = {isa = PBXFileReference; explicitFileType = wrapper.application; includeInIndex = 0; path = Dropbox.app; sourceTree = BUILT_PRODUCTS_DIR; };
		4D76163519E7AC2D00BFDFA5 /* Info.plist */ = {isa = PBXFileReference; lastKnownFileType = text.plist.xml; path = Info.plist; sourceTree = "<group>"; };
		4D76163619E7AC2D00BFDFA5 /* AppDelegate.swift */ = {isa = PBXFileReference; lastKnownFileType = sourcecode.swift; path = AppDelegate.swift; sourceTree = "<group>"; };
		4D76163819E7AC2D00BFDFA5 /* ViewController.swift */ = {isa = PBXFileReference; lastKnownFileType = sourcecode.swift; path = ViewController.swift; sourceTree = "<group>"; };
		4D76163B19E7AC2D00BFDFA5 /* Base */ = {isa = PBXFileReference; lastKnownFileType = file.storyboard; name = Base; path = Base.lproj/Main.storyboard; sourceTree = "<group>"; };
		4D76163D19E7AC2D00BFDFA5 /* Images.xcassets */ = {isa = PBXFileReference; lastKnownFileType = folder.assetcatalog; path = Images.xcassets; sourceTree = "<group>"; };
		4D76164019E7AC2D00BFDFA5 /* Base */ = {isa = PBXFileReference; lastKnownFileType = file.xib; name = Base; path = Base.lproj/LaunchScreen.xib; sourceTree = "<group>"; };
		4D76164619E7AC2D00BFDFA5 /* DropboxTests.xctest */ = {isa = PBXFileReference; explicitFileType = wrapper.cfbundle; includeInIndex = 0; path = DropboxTests.xctest; sourceTree = BUILT_PRODUCTS_DIR; };
		4D76164B19E7AC2D00BFDFA5 /* Info.plist */ = {isa = PBXFileReference; lastKnownFileType = text.plist.xml; path = Info.plist; sourceTree = "<group>"; };
		4D76164C19E7AC2D00BFDFA5 /* DropboxTests.swift */ = {isa = PBXFileReference; lastKnownFileType = sourcecode.swift; path = DropboxTests.swift; sourceTree = "<group>"; };
		4D76165619E7B3AB00BFDFA5 /* CreateAccountRootViewController.swift */ = {isa = PBXFileReference; fileEncoding = 4; lastKnownFileType = sourcecode.swift; path = CreateAccountRootViewController.swift; sourceTree = "<group>"; };
		4D76165819E7B47100BFDFA5 /* SignInRootViewController.swift */ = {isa = PBXFileReference; fileEncoding = 4; lastKnownFileType = sourcecode.swift; path = SignInRootViewController.swift; sourceTree = "<group>"; };
		4D76165A19E7B54D00BFDFA5 /* CreateAccountViewController.swift */ = {isa = PBXFileReference; fileEncoding = 4; lastKnownFileType = sourcecode.swift; path = CreateAccountViewController.swift; sourceTree = "<group>"; };
		4D76165C19E7B6F500BFDFA5 /* SignInViewController.swift */ = {isa = PBXFileReference; fileEncoding = 4; lastKnownFileType = sourcecode.swift; path = SignInViewController.swift; sourceTree = "<group>"; };
		4D76166019E7C96600BFDFA5 /* SettingsViewController.swift */ = {isa = PBXFileReference; fileEncoding = 4; lastKnownFileType = sourcecode.swift; path = SettingsViewController.swift; sourceTree = "<group>"; };
		4D76166419E7CBE900BFDFA5 /* TosViewController.swift */ = {isa = PBXFileReference; fileEncoding = 4; lastKnownFileType = sourcecode.swift; path = TosViewController.swift; sourceTree = "<group>"; };
		4D76166819E7CEC000BFDFA5 /* TermsOfServiceViewController.swift */ = {isa = PBXFileReference; fileEncoding = 4; lastKnownFileType = sourcecode.swift; path = TermsOfServiceViewController.swift; sourceTree = "<group>"; };
/* End PBXFileReference section */

/* Begin PBXFrameworksBuildPhase section */
		4D76162E19E7AC2D00BFDFA5 /* Frameworks */ = {
			isa = PBXFrameworksBuildPhase;
			buildActionMask = 2147483647;
			files = (
			);
			runOnlyForDeploymentPostprocessing = 0;
		};
		4D76164319E7AC2D00BFDFA5 /* Frameworks */ = {
			isa = PBXFrameworksBuildPhase;
			buildActionMask = 2147483647;
			files = (
			);
			runOnlyForDeploymentPostprocessing = 0;
		};
/* End PBXFrameworksBuildPhase section */

/* Begin PBXGroup section */
		4D76162819E7AC2D00BFDFA5 = {
			isa = PBXGroup;
			children = (
				4D76166419E7CBE900BFDFA5 /* TosViewController.swift */,
				4D76163319E7AC2D00BFDFA5 /* Dropbox */,
				4D76164919E7AC2D00BFDFA5 /* DropboxTests */,
				4D76163219E7AC2D00BFDFA5 /* Products */,
			);
			sourceTree = "<group>";
		};
		4D76163219E7AC2D00BFDFA5 /* Products */ = {
			isa = PBXGroup;
			children = (
				4D76163119E7AC2D00BFDFA5 /* Dropbox.app */,
				4D76164619E7AC2D00BFDFA5 /* DropboxTests.xctest */,
			);
			name = Products;
			sourceTree = "<group>";
		};
		4D76163319E7AC2D00BFDFA5 /* Dropbox */ = {
			isa = PBXGroup;
			children = (
				4D76163619E7AC2D00BFDFA5 /* AppDelegate.swift */,
				4D76163819E7AC2D00BFDFA5 /* ViewController.swift */,
				4D76163A19E7AC2D00BFDFA5 /* Main.storyboard */,
				4D76166819E7CEC000BFDFA5 /* TermsOfServiceViewController.swift */,
				4D76166019E7C96600BFDFA5 /* SettingsViewController.swift */,
				4D76165C19E7B6F500BFDFA5 /* SignInViewController.swift */,
				4D76165A19E7B54D00BFDFA5 /* CreateAccountViewController.swift */,
				4D76165819E7B47100BFDFA5 /* SignInRootViewController.swift */,
				4D76165619E7B3AB00BFDFA5 /* CreateAccountRootViewController.swift */,
				4D76163D19E7AC2D00BFDFA5 /* Images.xcassets */,
				4D76163F19E7AC2D00BFDFA5 /* LaunchScreen.xib */,
				4D76163419E7AC2D00BFDFA5 /* Supporting Files */,
			);
			path = Dropbox;
			sourceTree = "<group>";
		};
		4D76163419E7AC2D00BFDFA5 /* Supporting Files */ = {
			isa = PBXGroup;
			children = (
				4D76163519E7AC2D00BFDFA5 /* Info.plist */,
			);
			name = "Supporting Files";
			sourceTree = "<group>";
		};
		4D76164919E7AC2D00BFDFA5 /* DropboxTests */ = {
			isa = PBXGroup;
			children = (
				4D76164C19E7AC2D00BFDFA5 /* DropboxTests.swift */,
				4D76164A19E7AC2D00BFDFA5 /* Supporting Files */,
			);
			path = DropboxTests;
			sourceTree = "<group>";
		};
		4D76164A19E7AC2D00BFDFA5 /* Supporting Files */ = {
			isa = PBXGroup;
			children = (
				4D76164B19E7AC2D00BFDFA5 /* Info.plist */,
			);
			name = "Supporting Files";
			sourceTree = "<group>";
		};
/* End PBXGroup section */

/* Begin PBXNativeTarget section */
		4D76163019E7AC2D00BFDFA5 /* Dropbox */ = {
			isa = PBXNativeTarget;
			buildConfigurationList = 4D76165019E7AC2E00BFDFA5 /* Build configuration list for PBXNativeTarget "Dropbox" */;
			buildPhases = (
				4D76162D19E7AC2D00BFDFA5 /* Sources */,
				4D76162E19E7AC2D00BFDFA5 /* Frameworks */,
				4D76162F19E7AC2D00BFDFA5 /* Resources */,
			);
			buildRules = (
			);
			dependencies = (
			);
			name = Dropbox;
			productName = Dropbox;
			productReference = 4D76163119E7AC2D00BFDFA5 /* Dropbox.app */;
			productType = "com.apple.product-type.application";
		};
		4D76164519E7AC2D00BFDFA5 /* DropboxTests */ = {
			isa = PBXNativeTarget;
			buildConfigurationList = 4D76165319E7AC2E00BFDFA5 /* Build configuration list for PBXNativeTarget "DropboxTests" */;
			buildPhases = (
				4D76164219E7AC2D00BFDFA5 /* Sources */,
				4D76164319E7AC2D00BFDFA5 /* Frameworks */,
				4D76164419E7AC2D00BFDFA5 /* Resources */,
			);
			buildRules = (
			);
			dependencies = (
				4D76164819E7AC2D00BFDFA5 /* PBXTargetDependency */,
			);
			name = DropboxTests;
			productName = DropboxTests;
			productReference = 4D76164619E7AC2D00BFDFA5 /* DropboxTests.xctest */;
			productType = "com.apple.product-type.bundle.unit-test";
		};
/* End PBXNativeTarget section */

/* Begin PBXProject section */
		4D76162919E7AC2D00BFDFA5 /* Project object */ = {
			isa = PBXProject;
			attributes = {
				LastUpgradeCheck = 0600;
				ORGANIZATIONNAME = "John Barkis";
				TargetAttributes = {
					4D76163019E7AC2D00BFDFA5 = {
						CreatedOnToolsVersion = 6.0.1;
					};
					4D76164519E7AC2D00BFDFA5 = {
						CreatedOnToolsVersion = 6.0.1;
						TestTargetID = 4D76163019E7AC2D00BFDFA5;
					};
				};
			};
			buildConfigurationList = 4D76162C19E7AC2D00BFDFA5 /* Build configuration list for PBXProject "Dropbox" */;
			compatibilityVersion = "Xcode 3.2";
			developmentRegion = English;
			hasScannedForEncodings = 0;
			knownRegions = (
				en,
				Base,
			);
			mainGroup = 4D76162819E7AC2D00BFDFA5;
			productRefGroup = 4D76163219E7AC2D00BFDFA5 /* Products */;
			projectDirPath = "";
			projectRoot = "";
			targets = (
				4D76163019E7AC2D00BFDFA5 /* Dropbox */,
				4D76164519E7AC2D00BFDFA5 /* DropboxTests */,
			);
		};
/* End PBXProject section */

/* Begin PBXResourcesBuildPhase section */
		4D76162F19E7AC2D00BFDFA5 /* Resources */ = {
			isa = PBXResourcesBuildPhase;
			buildActionMask = 2147483647;
			files = (
				4D76163C19E7AC2D00BFDFA5 /* Main.storyboard in Resources */,
				4D76164119E7AC2D00BFDFA5 /* LaunchScreen.xib in Resources */,
				4D76163E19E7AC2D00BFDFA5 /* Images.xcassets in Resources */,
			);
			runOnlyForDeploymentPostprocessing = 0;
		};
		4D76164419E7AC2D00BFDFA5 /* Resources */ = {
			isa = PBXResourcesBuildPhase;
			buildActionMask = 2147483647;
			files = (
			);
			runOnlyForDeploymentPostprocessing = 0;
		};
/* End PBXResourcesBuildPhase section */

/* Begin PBXSourcesBuildPhase section */
		4D76162D19E7AC2D00BFDFA5 /* Sources */ = {
			isa = PBXSourcesBuildPhase;
			buildActionMask = 2147483647;
			files = (
				4D76165B19E7B54D00BFDFA5 /* CreateAccountViewController.swift in Sources */,
				4D76165919E7B47100BFDFA5 /* SignInRootViewController.swift in Sources */,
				4D76165D19E7B6F500BFDFA5 /* SignInViewController.swift in Sources */,
				4D76165719E7B3AB00BFDFA5 /* CreateAccountRootViewController.swift in Sources */,
				4D76163919E7AC2D00BFDFA5 /* ViewController.swift in Sources */,
				4D76163719E7AC2D00BFDFA5 /* AppDelegate.swift in Sources */,
				4D76166119E7C96600BFDFA5 /* SettingsViewController.swift in Sources */,
				4D76166919E7CEC000BFDFA5 /* TermsOfServiceViewController.swift in Sources */,
				4D76166519E7CBE900BFDFA5 /* TosViewController.swift in Sources */,
			);
			runOnlyForDeploymentPostprocessing = 0;
		};
		4D76164219E7AC2D00BFDFA5 /* Sources */ = {
			isa = PBXSourcesBuildPhase;
			buildActionMask = 2147483647;
			files = (
				4D76164D19E7AC2D00BFDFA5 /* DropboxTests.swift in Sources */,
			);
			runOnlyForDeploymentPostprocessing = 0;
		};
/* End PBXSourcesBuildPhase section */

/* Begin PBXTargetDependency section */
		4D76164819E7AC2D00BFDFA5 /* PBXTargetDependency */ = {
			isa = PBXTargetDependency;
			target = 4D76163019E7AC2D00BFDFA5 /* Dropbox */;
			targetProxy = 4D76164719E7AC2D00BFDFA5 /* PBXContainerItemProxy */;
		};
/* End PBXTargetDependency section */

/* Begin PBXVariantGroup section */
		4D76163A19E7AC2D00BFDFA5 /* Main.storyboard */ = {
			isa = PBXVariantGroup;
			children = (
				4D76163B19E7AC2D00BFDFA5 /* Base */,
			);
			name = Main.storyboard;
			sourceTree = "<group>";
		};
		4D76163F19E7AC2D00BFDFA5 /* LaunchScreen.xib */ = {
			isa = PBXVariantGroup;
			children = (
				4D76164019E7AC2D00BFDFA5 /* Base */,
			);
			name = LaunchScreen.xib;
			sourceTree = "<group>";
		};
/* End PBXVariantGroup section */

/* Begin XCBuildConfiguration section */
		4D76164E19E7AC2D00BFDFA5 /* Debug */ = {
			isa = XCBuildConfiguration;
			buildSettings = {
				ALWAYS_SEARCH_USER_PATHS = NO;
				CLANG_CXX_LANGUAGE_STANDARD = "gnu++0x";
				CLANG_CXX_LIBRARY = "libc++";
				CLANG_ENABLE_MODULES = YES;
				CLANG_ENABLE_OBJC_ARC = YES;
				CLANG_WARN_BOOL_CONVERSION = YES;
				CLANG_WARN_CONSTANT_CONVERSION = YES;
				CLANG_WARN_DIRECT_OBJC_ISA_USAGE = YES_ERROR;
				CLANG_WARN_EMPTY_BODY = YES;
				CLANG_WARN_ENUM_CONVERSION = YES;
				CLANG_WARN_INT_CONVERSION = YES;
				CLANG_WARN_OBJC_ROOT_CLASS = YES_ERROR;
				CLANG_WARN_UNREACHABLE_CODE = YES;
				CLANG_WARN__DUPLICATE_METHOD_MATCH = YES;
				"CODE_SIGN_IDENTITY[sdk=iphoneos*]" = "iPhone Developer";
				COPY_PHASE_STRIP = NO;
				ENABLE_STRICT_OBJC_MSGSEND = YES;
				GCC_C_LANGUAGE_STANDARD = gnu99;
				GCC_DYNAMIC_NO_PIC = NO;
				GCC_OPTIMIZATION_LEVEL = 0;
				GCC_PREPROCESSOR_DEFINITIONS = (
					"DEBUG=1",
					"$(inherited)",
				);
				GCC_SYMBOLS_PRIVATE_EXTERN = NO;
				GCC_WARN_64_TO_32_BIT_CONVERSION = YES;
				GCC_WARN_ABOUT_RETURN_TYPE = YES_ERROR;
				GCC_WARN_UNDECLARED_SELECTOR = YES;
				GCC_WARN_UNINITIALIZED_AUTOS = YES_AGGRESSIVE;
				GCC_WARN_UNUSED_FUNCTION = YES;
				GCC_WARN_UNUSED_VARIABLE = YES;
				IPHONEOS_DEPLOYMENT_TARGET = 8.0;
				MTL_ENABLE_DEBUG_INFO = YES;
				ONLY_ACTIVE_ARCH = YES;
				SDKROOT = iphoneos;
				SWIFT_OPTIMIZATION_LEVEL = "-Onone";
			};
			name = Debug;
		};
		4D76164F19E7AC2E00BFDFA5 /* Release */ = {
			isa = XCBuildConfiguration;
			buildSettings = {
				ALWAYS_SEARCH_USER_PATHS = NO;
				CLANG_CXX_LANGUAGE_STANDARD = "gnu++0x";
				CLANG_CXX_LIBRARY = "libc++";
				CLANG_ENABLE_MODULES = YES;
				CLANG_ENABLE_OBJC_ARC = YES;
				CLANG_WARN_BOOL_CONVERSION = YES;
				CLANG_WARN_CONSTANT_CONVERSION = YES;
				CLANG_WARN_DIRECT_OBJC_ISA_USAGE = YES_ERROR;
				CLANG_WARN_EMPTY_BODY = YES;
				CLANG_WARN_ENUM_CONVERSION = YES;
				CLANG_WARN_INT_CONVERSION = YES;
				CLANG_WARN_OBJC_ROOT_CLASS = YES_ERROR;
				CLANG_WARN_UNREACHABLE_CODE = YES;
				CLANG_WARN__DUPLICATE_METHOD_MATCH = YES;
				"CODE_SIGN_IDENTITY[sdk=iphoneos*]" = "iPhone Developer";
				COPY_PHASE_STRIP = YES;
				ENABLE_NS_ASSERTIONS = NO;
				ENABLE_STRICT_OBJC_MSGSEND = YES;
				GCC_C_LANGUAGE_STANDARD = gnu99;
				GCC_WARN_64_TO_32_BIT_CONVERSION = YES;
				GCC_WARN_ABOUT_RETURN_TYPE = YES_ERROR;
				GCC_WARN_UNDECLARED_SELECTOR = YES;
				GCC_WARN_UNINITIALIZED_AUTOS = YES_AGGRESSIVE;
				GCC_WARN_UNUSED_FUNCTION = YES;
				GCC_WARN_UNUSED_VARIABLE = YES;
				IPHONEOS_DEPLOYMENT_TARGET = 8.0;
				MTL_ENABLE_DEBUG_INFO = NO;
				SDKROOT = iphoneos;
				VALIDATE_PRODUCT = YES;
			};
			name = Release;
		};
		4D76165119E7AC2E00BFDFA5 /* Debug */ = {
			isa = XCBuildConfiguration;
			buildSettings = {
				ASSETCATALOG_COMPILER_APPICON_NAME = AppIcon;
				ASSETCATALOG_COMPILER_LAUNCHIMAGE_NAME = LaunchImage;
				INFOPLIST_FILE = Dropbox/Info.plist;
				LD_RUNPATH_SEARCH_PATHS = "$(inherited) @executable_path/Frameworks";
				PRODUCT_NAME = "$(TARGET_NAME)";
			};
			name = Debug;
		};
		4D76165219E7AC2E00BFDFA5 /* Release */ = {
			isa = XCBuildConfiguration;
			buildSettings = {
				ASSETCATALOG_COMPILER_APPICON_NAME = AppIcon;
				ASSETCATALOG_COMPILER_LAUNCHIMAGE_NAME = LaunchImage;
				INFOPLIST_FILE = Dropbox/Info.plist;
				LD_RUNPATH_SEARCH_PATHS = "$(inherited) @executable_path/Frameworks";
				PRODUCT_NAME = "$(TARGET_NAME)";
			};
			name = Release;
		};
		4D76165419E7AC2E00BFDFA5 /* Debug */ = {
			isa = XCBuildConfiguration;
			buildSettings = {
				BUNDLE_LOADER = "$(TEST_HOST)";
				FRAMEWORK_SEARCH_PATHS = (
					"$(SDKROOT)/Developer/Library/Frameworks",
					"$(inherited)",
				);
				GCC_PREPROCESSOR_DEFINITIONS = (
					"DEBUG=1",
					"$(inherited)",
				);
				INFOPLIST_FILE = DropboxTests/Info.plist;
				LD_RUNPATH_SEARCH_PATHS = "$(inherited) @executable_path/Frameworks @loader_path/Frameworks";
				PRODUCT_NAME = "$(TARGET_NAME)";
				TEST_HOST = "$(BUILT_PRODUCTS_DIR)/Dropbox.app/Dropbox";
			};
			name = Debug;
		};
		4D76165519E7AC2E00BFDFA5 /* Release */ = {
			isa = XCBuildConfiguration;
			buildSettings = {
				BUNDLE_LOADER = "$(TEST_HOST)";
				FRAMEWORK_SEARCH_PATHS = (
					"$(SDKROOT)/Developer/Library/Frameworks",
					"$(inherited)",
				);
				INFOPLIST_FILE = DropboxTests/Info.plist;
				LD_RUNPATH_SEARCH_PATHS = "$(inherited) @executable_path/Frameworks @loader_path/Frameworks";
				PRODUCT_NAME = "$(TARGET_NAME)";
				TEST_HOST = "$(BUILT_PRODUCTS_DIR)/Dropbox.app/Dropbox";
			};
			name = Release;
		};
/* End XCBuildConfiguration section */

/* Begin XCConfigurationList section */
		4D76162C19E7AC2D00BFDFA5 /* Build configuration list for PBXProject "Dropbox" */ = {
			isa = XCConfigurationList;
			buildConfigurations = (
				4D76164E19E7AC2D00BFDFA5 /* Debug */,
				4D76164F19E7AC2E00BFDFA5 /* Release */,
			);
			defaultConfigurationIsVisible = 0;
			defaultConfigurationName = Release;
		};
		4D76165019E7AC2E00BFDFA5 /* Build configuration list for PBXNativeTarget "Dropbox" */ = {
			isa = XCConfigurationList;
			buildConfigurations = (
				4D76165119E7AC2E00BFDFA5 /* Debug */,
				4D76165219E7AC2E00BFDFA5 /* Release */,
			);
			defaultConfigurationIsVisible = 0;
			defaultConfigurationName = Release;
		};
		4D76165319E7AC2E00BFDFA5 /* Build configuration list for PBXNativeTarget "DropboxTests" */ = {
			isa = XCConfigurationList;
			buildConfigurations = (
				4D76165419E7AC2E00BFDFA5 /* Debug */,
				4D76165519E7AC2E00BFDFA5 /* Release */,
			);
			defaultConfigurationIsVisible = 0;
			defaultConfigurationName = Release;
		};
/* End XCConfigurationList section */
	};
	rootObject = 4D76162919E7AC2D00BFDFA5 /* Project object */;
}
